{
  "name": "pinqpic",
  "lockfileVersion": 3,
  "requires": true,
  "packages": {
    "": {
      "dependencies": {
        "scrolltrigger": "^1.0.1"
      }
    },
    "node_modules/defined": {
      "version": "1.0.1",
      "resolved": "https://registry.npmjs.org/defined/-/defined-1.0.1.tgz",
      "integrity": "sha512-hsBd2qSVCRE+5PmNdHt1uzyrFu5d3RwmFDKzyNZMFq/EwDNJF7Ee5+D5oEKF0hU6LhtoUF1macFvOe4AskQC1Q==",
      "funding": {
        "url": "https://github.com/sponsors/ljharb"
      }
    },
    "node_modules/scrolltrigger": {
      "version": "1.0.1",
      "resolved": "https://registry.npmjs.org/scrolltrigger/-/scrolltrigger-1.0.1.tgz",
      "integrity": "sha512-s1DiltnlovjFtapWHKOgHsJEM4lKF52v7rClIqROh6btosGO/Pc0mFiRZz+PTXjAp2PZPpj0U0KPcmxTnN4Idw==",
      "dependencies": {
        "defined": "^1.0.0",
        "xtend": "^4.0.1"
      }
    },
    "node_modules/xtend": {
      "version": "4.0.2",
      "resolved": "https://registry.npmjs.org/xtend/-/xtend-4.0.2.tgz",
      "integrity": "sha512-LKYU1iAXJXUgAXn9URjiu+MWhyUXHsvfp7mcuYm9dSUKK0/CjtrUwFAxD82/mCWbtLsGjFIad0wIsod4zrTAEQ==",
      "engines": {
        "node": ">=0.4"
      }
    }
  }
}
